// !$*UTF8*$!
{
	archiveVersion = 1;
	classes = {
	};
	objectVersion = 51;
	objects = {

/* Begin PBXBuildFile section */
		70D2429F252220F00022E670 /* AppDelegate.swift in Sources */ = {isa = PBXBuildFile; fileRef = 70D2429E252220F00022E670 /* AppDelegate.swift */; };
		70D242A1252220F00022E670 /* SceneDelegate.swift in Sources */ = {isa = PBXBuildFile; fileRef = 70D242A0252220F00022E670 /* SceneDelegate.swift */; };
		70D242A3252220F00022E670 /* MyListViewController.swift in Sources */ = {isa = PBXBuildFile; fileRef = 70D242A2252220F00022E670 /* MyListViewController.swift */; };
		70D242A8252220F30022E670 /* Assets.xcassets in Resources */ = {isa = PBXBuildFile; fileRef = 70D242A7252220F30022E670 /* Assets.xcassets */; };
		70D242AB252220F30022E670 /* LaunchScreen.storyboard in Resources */ = {isa = PBXBuildFile; fileRef = 70D242A9252220F30022E670 /* LaunchScreen.storyboard */; };
		70D941182522539200295EED /* UIView+Ext.swift in Sources */ = {isa = PBXBuildFile; fileRef = 70D941172522539200295EED /* UIView+Ext.swift */; };
		70D9411A2522564B00295EED /* MyListCell.swift in Sources */ = {isa = PBXBuildFile; fileRef = 70D941192522564B00295EED /* MyListCell.swift */; };
		70D9411C2522667C00295EED /* MyListViewModel.swift in Sources */ = {isa = PBXBuildFile; fileRef = 70D9411B2522667C00295EED /* MyListViewModel.swift */; };
		70D9411E252266F000295EED /* MyListCellViewModel.swift in Sources */ = {isa = PBXBuildFile; fileRef = 70D9411D252266F000295EED /* MyListCellViewModel.swift */; };
		70D941202522684000295EED /* CountryDetail.swift in Sources */ = {isa = PBXBuildFile; fileRef = 70D9411F2522684000295EED /* CountryDetail.swift */; };
		70D941222522692800295EED /* ConstantsGlobalStore.swift in Sources */ = {isa = PBXBuildFile; fileRef = 70D941212522692800295EED /* ConstantsGlobalStore.swift */; };
		70D9412425227CC900295EED /* countryDetail.json in Resources */ = {isa = PBXBuildFile; fileRef = 70D9412325227CC900295EED /* countryDetail.json */; };
		80BCDCA0FF804DED29CD9AFA /* Pods_MVVMDemo.framework in Frameworks */ = {isa = PBXBuildFile; fileRef = 05A18E1C9B6CA2A548936031 /* Pods_MVVMDemo.framework */; };
/* End PBXBuildFile section */

/* Begin PBXFileReference section */
		05A18E1C9B6CA2A548936031 /* Pods_MVVMDemo.framework */ = {isa = PBXFileReference; explicitFileType = wrapper.framework; includeInIndex = 0; path = Pods_MVVMDemo.framework; sourceTree = BUILT_PRODUCTS_DIR; };
		4AD0C310BAC7A3E4518F05A6 /* Pods-MVVMDemo.debug.xcconfig */ = {isa = PBXFileReference; includeInIndex = 1; lastKnownFileType = text.xcconfig; name = "Pods-MVVMDemo.debug.xcconfig"; path = "Target Support Files/Pods-MVVMDemo/Pods-MVVMDemo.debug.xcconfig"; sourceTree = "<group>"; };
		70D2429B252220F00022E670 /* MVVMDemo.app */ = {isa = PBXFileReference; explicitFileType = wrapper.application; includeInIndex = 0; path = MVVMDemo.app; sourceTree = BUILT_PRODUCTS_DIR; };
		70D2429E252220F00022E670 /* AppDelegate.swift */ = {isa = PBXFileReference; lastKnownFileType = sourcecode.swift; path = AppDelegate.swift; sourceTree = "<group>"; };
		70D242A0252220F00022E670 /* SceneDelegate.swift */ = {isa = PBXFileReference; lastKnownFileType = sourcecode.swift; path = SceneDelegate.swift; sourceTree = "<group>"; };
		70D242A2252220F00022E670 /* MyListViewController.swift */ = {isa = PBXFileReference; lastKnownFileType = sourcecode.swift; path = MyListViewController.swift; sourceTree = "<group>"; };
		70D242A7252220F30022E670 /* Assets.xcassets */ = {isa = PBXFileReference; lastKnownFileType = folder.assetcatalog; path = Assets.xcassets; sourceTree = "<group>"; };
		70D242AA252220F30022E670 /* Base */ = {isa = PBXFileReference; lastKnownFileType = file.storyboard; name = Base; path = Base.lproj/LaunchScreen.storyboard; sourceTree = "<group>"; };
		70D242AC252220F30022E670 /* Info.plist */ = {isa = PBXFileReference; lastKnownFileType = text.plist.xml; path = Info.plist; sourceTree = "<group>"; };
		70D941172522539200295EED /* UIView+Ext.swift */ = {isa = PBXFileReference; lastKnownFileType = sourcecode.swift; path = "UIView+Ext.swift"; sourceTree = "<group>"; };
		70D941192522564B00295EED /* MyListCell.swift */ = {isa = PBXFileReference; lastKnownFileType = sourcecode.swift; path = MyListCell.swift; sourceTree = "<group>"; };
		70D9411B2522667C00295EED /* MyListViewModel.swift */ = {isa = PBXFileReference; lastKnownFileType = sourcecode.swift; path = MyListViewModel.swift; sourceTree = "<group>"; };
		70D9411D252266F000295EED /* MyListCellViewModel.swift */ = {isa = PBXFileReference; lastKnownFileType = sourcecode.swift; path = MyListCellViewModel.swift; sourceTree = "<group>"; };
		70D9411F2522684000295EED /* CountryDetail.swift */ = {isa = PBXFileReference; fileEncoding = 4; lastKnownFileType = sourcecode.swift; path = CountryDetail.swift; sourceTree = "<group>"; };
		70D941212522692800295EED /* ConstantsGlobalStore.swift */ = {isa = PBXFileReference; lastKnownFileType = sourcecode.swift; path = ConstantsGlobalStore.swift; sourceTree = "<group>"; };
		70D9412325227CC900295EED /* countryDetail.json */ = {isa = PBXFileReference; lastKnownFileType = text.json; path = countryDetail.json; sourceTree = "<group>"; };
		70D94125252283A700295EED /* SDWebImage.framework */ = {isa = PBXFileReference; explicitFileType = wrapper.framework; path = SDWebImage.framework; sourceTree = BUILT_PRODUCTS_DIR; };
		D334489AEE90303851A8E466 /* Pods-MVVMDemo.release.xcconfig */ = {isa = PBXFileReference; includeInIndex = 1; lastKnownFileType = text.xcconfig; name = "Pods-MVVMDemo.release.xcconfig"; path = "Target Support Files/Pods-MVVMDemo/Pods-MVVMDemo.release.xcconfig"; sourceTree = "<group>"; };
/* End PBXFileReference section */

/* Begin PBXFrameworksBuildPhase section */
		70D24298252220F00022E670 /* Frameworks */ = {
			isa = PBXFrameworksBuildPhase;
			buildActionMask = 2147483647;
			files = (
				80BCDCA0FF804DED29CD9AFA /* Pods_MVVMDemo.framework in Frameworks */,
			);
			runOnlyForDeploymentPostprocessing = 0;
		};
/* End PBXFrameworksBuildPhase section */

/* Begin PBXGroup section */
		70D24292252220F00022E670 = {
			isa = PBXGroup;
			children = (
				70D2429D252220F00022E670 /* MVVMDemo */,
				70D2429C252220F00022E670 /* Products */,
				F8466B91B53C52DD0818EAEB /* Pods */,
				E95C1F5D618931645102E01B /* Frameworks */,
			);
			sourceTree = "<group>";
		};
		70D2429C252220F00022E670 /* Products */ = {
			isa = PBXGroup;
			children = (
				70D2429B252220F00022E670 /* MVVMDemo.app */,
			);
			name = Products;
			sourceTree = "<group>";
		};
		70D2429D252220F00022E670 /* MVVMDemo */ = {
			isa = PBXGroup;
			children = (
				70D2429E252220F00022E670 /* AppDelegate.swift */,
				70D242A0252220F00022E670 /* SceneDelegate.swift */,
				70D242A2252220F00022E670 /* MyListViewController.swift */,
				70D242A7252220F30022E670 /* Assets.xcassets */,
				70D242A9252220F30022E670 /* LaunchScreen.storyboard */,
				70D242AC252220F30022E670 /* Info.plist */,
				70D941172522539200295EED /* UIView+Ext.swift */,
				70D941192522564B00295EED /* MyListCell.swift */,
				70D9411B2522667C00295EED /* MyListViewModel.swift */,
				70D9411F2522684000295EED /* CountryDetail.swift */,
				70D9411D252266F000295EED /* MyListCellViewModel.swift */,
				70D941212522692800295EED /* ConstantsGlobalStore.swift */,
				70D9412325227CC900295EED /* countryDetail.json */,
			);
			path = MVVMDemo;
			sourceTree = "<group>";
		};
		E95C1F5D618931645102E01B /* Frameworks */ = {
			isa = PBXGroup;
			children = (
				70D94125252283A700295EED /* SDWebImage.framework */,
				05A18E1C9B6CA2A548936031 /* Pods_MVVMDemo.framework */,
			);
			name = Frameworks;
			sourceTree = "<group>";
		};
		F8466B91B53C52DD0818EAEB /* Pods */ = {
			isa = PBXGroup;
			children = (
				4AD0C310BAC7A3E4518F05A6 /* Pods-MVVMDemo.debug.xcconfig */,
				D334489AEE90303851A8E466 /* Pods-MVVMDemo.release.xcconfig */,
			);
			path = Pods;
			sourceTree = "<group>";
		};
/* End PBXGroup section */

/* Begin PBXNativeTarget section */
		70D2429A252220F00022E670 /* MVVMDemo */ = {
			isa = PBXNativeTarget;
			buildConfigurationList = 70D242AF252220F30022E670 /* Build configuration list for PBXNativeTarget "MVVMDemo" */;
			buildPhases = (
				60DB23556B190B7F15F7EC18 /* [CP] Check Pods Manifest.lock */,
				70D24297252220F00022E670 /* Sources */,
				70D24298252220F00022E670 /* Frameworks */,
				70D24299252220F00022E670 /* Resources */,
				12D49016516552F546832D6D /* [CP] Embed Pods Frameworks */,
			);
			buildRules = (
			);
			dependencies = (
			);
			name = MVVMDemo;
			productName = MVVMDemo;
			productReference = 70D2429B252220F00022E670 /* MVVMDemo.app */;
			productType = "com.apple.product-type.application";
		};
/* End PBXNativeTarget section */

/* Begin PBXProject section */
		70D24293252220F00022E670 /* Project object */ = {
			isa = PBXProject;
			attributes = {
				LastSwiftUpdateCheck = 1130;
				LastUpgradeCheck = 1130;
				ORGANIZATIONNAME = cybaze;
				TargetAttributes = {
					70D2429A252220F00022E670 = {
						CreatedOnToolsVersion = 11.3.1;
					};
				};
			};
			buildConfigurationList = 70D24296252220F00022E670 /* Build configuration list for PBXProject "MVVMDemo" */;
			compatibilityVersion = "Xcode 9.3";
			developmentRegion = en;
			hasScannedForEncodings = 0;
			knownRegions = (
				en,
				Base,
			);
			mainGroup = 70D24292252220F00022E670;
			productRefGroup = 70D2429C252220F00022E670 /* Products */;
			projectDirPath = "";
			projectRoot = "";
			targets = (
				70D2429A252220F00022E670 /* MVVMDemo */,
			);
		};
/* End PBXProject section */

/* Begin PBXResourcesBuildPhase section */
		70D24299252220F00022E670 /* Resources */ = {
			isa = PBXResourcesBuildPhase;
			buildActionMask = 2147483647;
			files = (
				70D9412425227CC900295EED /* countryDetail.json in Resources */,
				70D242AB252220F30022E670 /* LaunchScreen.storyboard in Resources */,
				70D242A8252220F30022E670 /* Assets.xcassets in Resources */,
			);
			runOnlyForDeploymentPostprocessing = 0;
		};
/* End PBXResourcesBuildPhase section */

/* Begin PBXShellScriptBuildPhase section */
		12D49016516552F546832D6D /* [CP] Embed Pods Frameworks */ = {
			isa = PBXShellScriptBuildPhase;
			buildActionMask = 2147483647;
			files = (
			);
			inputFileListPaths = (
				"${PODS_ROOT}/Target Support Files/Pods-MVVMDemo/Pods-MVVMDemo-frameworks-${CONFIGURATION}-input-files.xcfilelist",
			);
			name = "[CP] Embed Pods Frameworks";
			outputFileListPaths = (
				"${PODS_ROOT}/Target Support Files/Pods-MVVMDemo/Pods-MVVMDemo-frameworks-${CONFIGURATION}-output-files.xcfilelist",
			);
			runOnlyForDeploymentPostprocessing = 0;
			shellPath = /bin/sh;
			shellScript = "\"${PODS_ROOT}/Target Support Files/Pods-MVVMDemo/Pods-MVVMDemo-frameworks.sh\"\n";
			showEnvVarsInLog = 0;
		};
		60DB23556B190B7F15F7EC18 /* [CP] Check Pods Manifest.lock */ = {
			isa = PBXShellScriptBuildPhase;
			buildActionMask = 2147483647;
			files = (
			);
			inputFileListPaths = (
			);
			inputPaths = (
				"${PODS_PODFILE_DIR_PATH}/Podfile.lock",
				"${PODS_ROOT}/Manifest.lock",
			);
			name = "[CP] Check Pods Manifest.lock";
			outputFileListPaths = (
			);
			outputPaths = (
				"$(DERIVED_FILE_DIR)/Pods-MVVMDemo-checkManifestLockResult.txt",
			);
			runOnlyForDeploymentPostprocessing = 0;
			shellPath = /bin/sh;
			shellScript = "diff \"${PODS_PODFILE_DIR_PATH}/Podfile.lock\" \"${PODS_ROOT}/Manifest.lock\" > /dev/null\nif [ $? != 0 ] ; then\n    # print error to STDERR\n    echo \"error: The sandbox is not in sync with the Podfile.lock. Run 'pod install' or update your CocoaPods installation.\" >&2\n    exit 1\nfi\n# This output is used by Xcode 'outputs' to avoid re-running this script phase.\necho \"SUCCESS\" > \"${SCRIPT_OUTPUT_FILE_0}\"\n";
			showEnvVarsInLog = 0;
		};
/* End PBXShellScriptBuildPhase section */

/* Begin PBXSourcesBuildPhase section */
		70D24297252220F00022E670 /* Sources */ = {
			isa = PBXSourcesBuildPhase;
			buildActionMask = 2147483647;
			files = (
				70D9411E252266F000295EED /* MyListCellViewModel.swift in Sources */,
				70D941222522692800295EED /* ConstantsGlobalStore.swift in Sources */,
				70D9411C2522667C00295EED /* MyListViewModel.swift in Sources */,
				70D941182522539200295EED /* UIView+Ext.swift in Sources */,
				70D242A3252220F00022E670 /* MyListViewController.swift in Sources */,
				70D9411A2522564B00295EED /* MyListCell.swift in Sources */,
				70D941202522684000295EED /* CountryDetail.swift in Sources */,
				70D2429F252220F00022E670 /* AppDelegate.swift in Sources */,
				70D242A1252220F00022E670 /* SceneDelegate.swift in Sources */,
			);
			runOnlyForDeploymentPostprocessing = 0;
		};
/* End PBXSourcesBuildPhase section */

/* Begin PBXVariantGroup section */
		70D242A9252220F30022E670 /* LaunchScreen.storyboard */ = {
			isa = PBXVariantGroup;
			children = (
				70D242AA252220F30022E670 /* Base */,
			);
			name = LaunchScreen.storyboard;
			sourceTree = "<group>";
		};
/* End PBXVariantGroup section */

/* Begin XCBuildConfiguration section */
		70D242AD252220F30022E670 /* Debug */ = {
			isa = XCBuildConfiguration;
			buildSettings = {
				ALWAYS_SEARCH_USER_PATHS = NO;
				CLANG_ANALYZER_NONNULL = YES;
				CLANG_ANALYZER_NUMBER_OBJECT_CONVERSION = YES_AGGRESSIVE;
				CLANG_CXX_LANGUAGE_STANDARD = "gnu++14";
				CLANG_CXX_LIBRARY = "libc++";
				CLANG_ENABLE_MODULES = YES;
				CLANG_ENABLE_OBJC_ARC = YES;
				CLANG_ENABLE_OBJC_WEAK = YES;
				CLANG_WARN_BLOCK_CAPTURE_AUTORELEASING = YES;
				CLANG_WARN_BOOL_CONVERSION = YES;
				CLANG_WARN_COMMA = YES;
				CLANG_WARN_CONSTANT_CONVERSION = YES;
				CLANG_WARN_DEPRECATED_OBJC_IMPLEMENTATIONS = YES;
				CLANG_WARN_DIRECT_OBJC_ISA_USAGE = YES_ERROR;
				CLANG_WARN_DOCUMENTATION_COMMENTS = YES;
				CLANG_WARN_EMPTY_BODY = YES;
				CLANG_WARN_ENUM_CONVERSION = YES;
				CLANG_WARN_INFINITE_RECURSION = YES;
				CLANG_WARN_INT_CONVERSION = YES;
				CLANG_WARN_NON_LITERAL_NULL_CONVERSION = YES;
				CLANG_WARN_OBJC_IMPLICIT_RETAIN_SELF = YES;
				CLANG_WARN_OBJC_LITERAL_CONVERSION = YES;
				CLANG_WARN_OBJC_ROOT_CLASS = YES_ERROR;
				CLANG_WARN_RANGE_LOOP_ANALYSIS = YES;
				CLANG_WARN_STRICT_PROTOTYPES = YES;
				CLANG_WARN_SUSPICIOUS_MOVE = YES;
				CLANG_WARN_UNGUARDED_AVAILABILITY = YES_AGGRESSIVE;
				CLANG_WARN_UNREACHABLE_CODE = YES;
				CLANG_WARN__DUPLICATE_METHOD_MATCH = YES;
				COPY_PHASE_STRIP = NO;
				DEBUG_INFORMATION_FORMAT = dwarf;
				ENABLE_STRICT_OBJC_MSGSEND = YES;
				ENABLE_TESTABILITY = YES;
				GCC_C_LANGUAGE_STANDARD = gnu11;
				GCC_DYNAMIC_NO_PIC = NO;
				GCC_NO_COMMON_BLOCKS = YES;
				GCC_OPTIMIZATION_LEVEL = 0;
				GCC_PREPROCESSOR_DEFINITIONS = (
					"DEBUG=1",
					"$(inherited)",
				);
				GCC_WARN_64_TO_32_BIT_CONVERSION = YES;
				GCC_WARN_ABOUT_RETURN_TYPE = YES_ERROR;
				GCC_WARN_UNDECLARED_SELECTOR = YES;
				GCC_WARN_UNINITIALIZED_AUTOS = YES_AGGRESSIVE;
				GCC_WARN_UNUSED_FUNCTION = YES;
				GCC_WARN_UNUSED_VARIABLE = YES;
				IPHONEOS_DEPLOYMENT_TARGET = 13.2;
				MTL_ENABLE_DEBUG_INFO = INCLUDE_SOURCE;
				MTL_FAST_MATH = YES;
				ONLY_ACTIVE_ARCH = YES;
				SDKROOT = iphoneos;
				SWIFT_ACTIVE_COMPILATION_CONDITIONS = DEBUG;
				SWIFT_OPTIMIZATION_LEVEL = "-Onone";
			};
			name = Debug;
		};
		70D242AE252220F30022E670 /* Release */ = {
			isa = XCBuildConfiguration;
			buildSettings = {
				ALWAYS_SEARCH_USER_PATHS = NO;
				CLANG_ANALYZER_NONNULL = YES;
				CLANG_ANALYZER_NUMBER_OBJECT_CONVERSION = YES_AGGRESSIVE;
				CLANG_CXX_LANGUAGE_STANDARD = "gnu++14";
				CLANG_CXX_LIBRARY = "libc++";
				CLANG_ENABLE_MODULES = YES;
				CLANG_ENABLE_OBJC_ARC = YES;
				CLANG_ENABLE_OBJC_WEAK = YES;
				CLANG_WARN_BLOCK_CAPTURE_AUTORELEASING = YES;
				CLANG_WARN_BOOL_CONVERSION = YES;
				CLANG_WARN_COMMA = YES;
				CLANG_WARN_CONSTANT_CONVERSION = YES;
				CLANG_WARN_DEPRECATED_OBJC_IMPLEMENTATIONS = YES;
				CLANG_WARN_DIRECT_OBJC_ISA_USAGE = YES_ERROR;
				CLANG_WARN_DOCUMENTATION_COMMENTS = YES;
				CLANG_WARN_EMPTY_BODY = YES;
				CLANG_WARN_ENUM_CONVERSION = YES;
				CLANG_WARN_INFINITE_RECURSION = YES;
				CLANG_WARN_INT_CONVERSION = YES;
				CLANG_WARN_NON_LITERAL_NULL_CONVERSION = YES;
				CLANG_WARN_OBJC_IMPLICIT_RETAIN_SELF = YES;
				CLANG_WARN_OBJC_LITERAL_CONVERSION = YES;
				CLANG_WARN_OBJC_ROOT_CLASS = YES_ERROR;
				CLANG_WARN_RANGE_LOOP_ANALYSIS = YES;
				CLANG_WARN_STRICT_PROTOTYPES = YES;
				CLANG_WARN_SUSPICIOUS_MOVE = YES;
				CLANG_WARN_UNGUARDED_AVAILABILITY = YES_AGGRESSIVE;
				CLANG_WARN_UNREACHABLE_CODE = YES;
				CLANG_WARN__DUPLICATE_METHOD_MATCH = YES;
				COPY_PHASE_STRIP = NO;
				DEBUG_INFORMATION_FORMAT = "dwarf-with-dsym";
				ENABLE_NS_ASSERTIONS = NO;
				ENABLE_STRICT_OBJC_MSGSEND = YES;
				GCC_C_LANGUAGE_STANDARD = gnu11;
				GCC_NO_COMMON_BLOCKS = YES;
				GCC_WARN_64_TO_32_BIT_CONVERSION = YES;
				GCC_WARN_ABOUT_RETURN_TYPE = YES_ERROR;
				GCC_WARN_UNDECLARED_SELECTOR = YES;
				GCC_WARN_UNINITIALIZED_AUTOS = YES_AGGRESSIVE;
				GCC_WARN_UNUSED_FUNCTION = YES;
				GCC_WARN_UNUSED_VARIABLE = YES;
				IPHONEOS_DEPLOYMENT_TARGET = 13.2;
				MTL_ENABLE_DEBUG_INFO = NO;
				MTL_FAST_MATH = YES;
				SDKROOT = iphoneos;
				SWIFT_COMPILATION_MODE = wholemodule;
				SWIFT_OPTIMIZATION_LEVEL = "-O";
				VALIDATE_PRODUCT = YES;
			};
			name = Release;
		};
		70D242B0252220F30022E670 /* Debug */ = {
			isa = XCBuildConfiguration;
			baseConfigurationReference = 4AD0C310BAC7A3E4518F05A6 /* Pods-MVVMDemo.debug.xcconfig */;
			buildSettings = {
				ASSETCATALOG_COMPILER_APPICON_NAME = AppIcon;
				CODE_SIGN_STYLE = Automatic;
				INFOPLIST_FILE = MVVMDemo/Info.plist;
				LD_RUNPATH_SEARCH_PATHS = (
					"$(inherited)",
					"@executable_path/Frameworks",
				);
				PRODUCT_BUNDLE_IDENTIFIER = cybaze.MVVMDemo;
				PRODUCT_NAME = "$(TARGET_NAME)";
				SWIFT_VERSION = 4.0;
				TARGETED_DEVICE_FAMILY = "1,2";
			};
			name = Debug;
		};
		70D242B1252220F30022E670 /* Release */ = {
			isa = XCBuildConfiguration;
			baseConfigurationReference = D334489AEE90303851A8E466 /* Pods-MVVMDemo.release.xcconfig */;
			buildSettings = {
				ASSETCATALOG_COMPILER_APPICON_NAME = AppIcon;
				CODE_SIGN_STYLE = Automatic;
				INFOPLIST_FILE = MVVMDemo/Info.plist;
				LD_RUNPATH_SEARCH_PATHS = (
					"$(inherited)",
					"@executable_path/Frameworks",
				);
				PRODUCT_BUNDLE_IDENTIFIER = cybaze.MVVMDemo;
				PRODUCT_NAME = "$(TARGET_NAME)";
				SWIFT_VERSION = 4.0;
				TARGETED_DEVICE_FAMILY = "1,2";
			};
			name = Release;
		};
/* End XCBuildConfiguration section */

/* Begin XCConfigurationList section */
		70D24296252220F00022E670 /* Build configuration list for PBXProject "MVVMDemo" */ = {
			isa = XCConfigurationList;
			buildConfigurations = (
				70D242AD252220F30022E670 /* Debug */,
				70D242AE252220F30022E670 /* Release */,
			);
			defaultConfigurationIsVisible = 0;
			defaultConfigurationName = Release;
		};
		70D242AF252220F30022E670 /* Build configuration list for PBXNativeTarget "MVVMDemo" */ = {
			isa = XCConfigurationList;
			buildConfigurations = (
				70D242B0252220F30022E670 /* Debug */,
				70D242B1252220F30022E670 /* Release */,
			);
			defaultConfigurationIsVisible = 0;
			defaultConfigurationName = Release;
		};
/* End XCConfigurationList section */
	};
	rootObject = 70D24293252220F00022E670 /* Project object */;
}
